// !$*UTF8*$!
{
	archiveVersion = 1;
	classes = {
	};
	objectVersion = 52;
	objects = {

/* Begin PBXBuildFile section */
		FE225E9424AF2F53008F0799 /* AppDelegate.swift in Sources */ = {isa = PBXBuildFile; fileRef = FE225E9324AF2F53008F0799 /* AppDelegate.swift */; };
		FE225E9824AF2F53008F0799 /* MapController.swift in Sources */ = {isa = PBXBuildFile; fileRef = FE225E9724AF2F53008F0799 /* MapController.swift */; };
		FE225E9B24AF2F53008F0799 /* Main.storyboard in Resources */ = {isa = PBXBuildFile; fileRef = FE225E9924AF2F53008F0799 /* Main.storyboard */; };
		FE225E9D24AF2F55008F0799 /* Assets.xcassets in Resources */ = {isa = PBXBuildFile; fileRef = FE225E9C24AF2F55008F0799 /* Assets.xcassets */; };
		FE225EA024AF2F55008F0799 /* LaunchScreen.storyboard in Resources */ = {isa = PBXBuildFile; fileRef = FE225E9E24AF2F55008F0799 /* LaunchScreen.storyboard */; };
		FE225EAA24AF3022008F0799 /* BottomDrawerView in Frameworks */ = {isa = PBXBuildFile; productRef = FE225EA924AF3022008F0799 /* BottomDrawerView */; };
		FE4D1D5224BDDE52004B0E1E /* ListTableController.swift in Sources */ = {isa = PBXBuildFile; fileRef = FE4D1D5124BDDE52004B0E1E /* ListTableController.swift */; };
		FE4D1D5424BDDF78004B0E1E /* SimpleCell.swift in Sources */ = {isa = PBXBuildFile; fileRef = FE4D1D5324BDDF78004B0E1E /* SimpleCell.swift */; };
		FE4D1D5624BDE36F004B0E1E /* Cell+Extension.swift in Sources */ = {isa = PBXBuildFile; fileRef = FE4D1D5524BDE36F004B0E1E /* Cell+Extension.swift */; };
		FEE976CC24C1EF6400935386 /* Header.swift in Sources */ = {isa = PBXBuildFile; fileRef = FEE976CB24C1EF6400935386 /* Header.swift */; };
/* End PBXBuildFile section */

/* Begin PBXFileReference section */
		FE225E9024AF2F53008F0799 /* Example.app */ = {isa = PBXFileReference; explicitFileType = wrapper.application; includeInIndex = 0; path = Example.app; sourceTree = BUILT_PRODUCTS_DIR; };
		FE225E9324AF2F53008F0799 /* AppDelegate.swift */ = {isa = PBXFileReference; lastKnownFileType = sourcecode.swift; path = AppDelegate.swift; sourceTree = "<group>"; };
		FE225E9724AF2F53008F0799 /* MapController.swift */ = {isa = PBXFileReference; lastKnownFileType = sourcecode.swift; path = MapController.swift; sourceTree = "<group>"; };
		FE225E9A24AF2F53008F0799 /* Base */ = {isa = PBXFileReference; lastKnownFileType = file.storyboard; name = Base; path = Base.lproj/Main.storyboard; sourceTree = "<group>"; };
		FE225E9C24AF2F55008F0799 /* Assets.xcassets */ = {isa = PBXFileReference; lastKnownFileType = folder.assetcatalog; path = Assets.xcassets; sourceTree = "<group>"; };
		FE225E9F24AF2F55008F0799 /* Base */ = {isa = PBXFileReference; lastKnownFileType = file.storyboard; name = Base; path = Base.lproj/LaunchScreen.storyboard; sourceTree = "<group>"; };
		FE225EA124AF2F55008F0799 /* Info.plist */ = {isa = PBXFileReference; lastKnownFileType = text.plist.xml; path = Info.plist; sourceTree = "<group>"; };
		FE225EA724AF2FFB008F0799 /* BottomDrawerView */ = {isa = PBXFileReference; lastKnownFileType = folder; name = BottomDrawerView; path = ..; sourceTree = "<group>"; };
		FE4D1D5124BDDE52004B0E1E /* ListTableController.swift */ = {isa = PBXFileReference; lastKnownFileType = sourcecode.swift; path = ListTableController.swift; sourceTree = "<group>"; };
		FE4D1D5324BDDF78004B0E1E /* SimpleCell.swift */ = {isa = PBXFileReference; lastKnownFileType = sourcecode.swift; path = SimpleCell.swift; sourceTree = "<group>"; };
		FE4D1D5524BDE36F004B0E1E /* Cell+Extension.swift */ = {isa = PBXFileReference; lastKnownFileType = sourcecode.swift; path = "Cell+Extension.swift"; sourceTree = "<group>"; };
		FEE976CB24C1EF6400935386 /* Header.swift */ = {isa = PBXFileReference; lastKnownFileType = sourcecode.swift; path = Header.swift; sourceTree = "<group>"; };
/* End PBXFileReference section */

/* Begin PBXFrameworksBuildPhase section */
		FE225E8D24AF2F53008F0799 /* Frameworks */ = {
			isa = PBXFrameworksBuildPhase;
			buildActionMask = 2147483647;
			files = (
				FE225EAA24AF3022008F0799 /* BottomDrawerView in Frameworks */,
			);
			runOnlyForDeploymentPostprocessing = 0;
		};
/* End PBXFrameworksBuildPhase section */

/* Begin PBXGroup section */
		FE225E8724AF2F53008F0799 = {
			isa = PBXGroup;
			children = (
				FE225EA724AF2FFB008F0799 /* BottomDrawerView */,
				FE225E9224AF2F53008F0799 /* Example */,
				FE225E9124AF2F53008F0799 /* Products */,
				FE225EA824AF3022008F0799 /* Frameworks */,
			);
			sourceTree = "<group>";
		};
		FE225E9124AF2F53008F0799 /* Products */ = {
			isa = PBXGroup;
			children = (
				FE225E9024AF2F53008F0799 /* Example.app */,
			);
			name = Products;
			sourceTree = "<group>";
		};
		FE225E9224AF2F53008F0799 /* Example */ = {
			isa = PBXGroup;
			children = (
				FE327CDA24C1F0B9000F2BF6 /* Controllers */,
				FEE976CD24C1EF7B00935386 /* Utility */,
				FEE976CA24C1EEFF00935386 /* Views */,
				FE225E9324AF2F53008F0799 /* AppDelegate.swift */,
				FE225E9924AF2F53008F0799 /* Main.storyboard */,
				FE225E9C24AF2F55008F0799 /* Assets.xcassets */,
				FE225E9E24AF2F55008F0799 /* LaunchScreen.storyboard */,
				FE225EA124AF2F55008F0799 /* Info.plist */,
			);
			path = Example;
			sourceTree = "<group>";
		};
		FE225EA824AF3022008F0799 /* Frameworks */ = {
			isa = PBXGroup;
			children = (
			);
			name = Frameworks;
			sourceTree = "<group>";
		};
		FE327CDA24C1F0B9000F2BF6 /* Controllers */ = {
			isa = PBXGroup;
			children = (
				FE225E9724AF2F53008F0799 /* MapController.swift */,
				FE4D1D5124BDDE52004B0E1E /* ListTableController.swift */,
			);
			path = Controllers;
			sourceTree = "<group>";
		};
		FEE976CA24C1EEFF00935386 /* Views */ = {
			isa = PBXGroup;
			children = (
				FE4D1D5324BDDF78004B0E1E /* SimpleCell.swift */,
				FEE976CB24C1EF6400935386 /* Header.swift */,
			);
			path = Views;
			sourceTree = "<group>";
		};
		FEE976CD24C1EF7B00935386 /* Utility */ = {
			isa = PBXGroup;
			children = (
				FE4D1D5524BDE36F004B0E1E /* Cell+Extension.swift */,
			);
			path = Utility;
			sourceTree = "<group>";
		};
/* End PBXGroup section */

/* Begin PBXNativeTarget section */
		FE225E8F24AF2F53008F0799 /* Example */ = {
			isa = PBXNativeTarget;
			buildConfigurationList = FE225EA424AF2F55008F0799 /* Build configuration list for PBXNativeTarget "Example" */;
			buildPhases = (
				FE225E8C24AF2F53008F0799 /* Sources */,
				FE225E8D24AF2F53008F0799 /* Frameworks */,
				FE225E8E24AF2F53008F0799 /* Resources */,
			);
			buildRules = (
			);
			dependencies = (
			);
			name = Example;
			packageProductDependencies = (
				FE225EA924AF3022008F0799 /* BottomDrawerView */,
			);
			productName = Example;
			productReference = FE225E9024AF2F53008F0799 /* Example.app */;
			productType = "com.apple.product-type.application";
		};
/* End PBXNativeTarget section */

/* Begin PBXProject section */
		FE225E8824AF2F53008F0799 /* Project object */ = {
			isa = PBXProject;
			attributes = {
				LastSwiftUpdateCheck = 1200;
				LastUpgradeCheck = 1200;
				TargetAttributes = {
					FE225E8F24AF2F53008F0799 = {
						CreatedOnToolsVersion = 12.0;
					};
				};
			};
			buildConfigurationList = FE225E8B24AF2F53008F0799 /* Build configuration list for PBXProject "Example" */;
			compatibilityVersion = "Xcode 9.3";
			developmentRegion = en;
			hasScannedForEncodings = 0;
			knownRegions = (
				en,
				Base,
			);
			mainGroup = FE225E8724AF2F53008F0799;
			productRefGroup = FE225E9124AF2F53008F0799 /* Products */;
			projectDirPath = "";
			projectRoot = "";
			targets = (
				FE225E8F24AF2F53008F0799 /* Example */,
			);
		};
/* End PBXProject section */

/* Begin PBXResourcesBuildPhase section */
		FE225E8E24AF2F53008F0799 /* Resources */ = {
			isa = PBXResourcesBuildPhase;
			buildActionMask = 2147483647;
			files = (
				FE225EA024AF2F55008F0799 /* LaunchScreen.storyboard in Resources */,
				FE225E9D24AF2F55008F0799 /* Assets.xcassets in Resources */,
				FE225E9B24AF2F53008F0799 /* Main.storyboard in Resources */,
			);
			runOnlyForDeploymentPostprocessing = 0;
		};
/* End PBXResourcesBuildPhase section */

/* Begin PBXSourcesBuildPhase section */
		FE225E8C24AF2F53008F0799 /* Sources */ = {
			isa = PBXSourcesBuildPhase;
			buildActionMask = 2147483647;
			files = (
				FE4D1D5224BDDE52004B0E1E /* ListTableController.swift in Sources */,
				FE4D1D5624BDE36F004B0E1E /* Cell+Extension.swift in Sources */,
				FE4D1D5424BDDF78004B0E1E /* SimpleCell.swift in Sources */,
				FE225E9824AF2F53008F0799 /* MapController.swift in Sources */,
				FEE976CC24C1EF6400935386 /* Header.swift in Sources */,
				FE225E9424AF2F53008F0799 /* AppDelegate.swift in Sources */,
			);
			runOnlyForDeploymentPostprocessing = 0;
		};
/* End PBXSourcesBuildPhase section */

/* Begin PBXVariantGroup section */
		FE225E9924AF2F53008F0799 /* Main.storyboard */ = {
			isa = PBXVariantGroup;
			children = (
				FE225E9A24AF2F53008F0799 /* Base */,
			);
			name = Main.storyboard;
			sourceTree = "<group>";
		};
		FE225E9E24AF2F55008F0799 /* LaunchScreen.storyboard */ = {
			isa = PBXVariantGroup;
			children = (
				FE225E9F24AF2F55008F0799 /* Base */,
			);
			name = LaunchScreen.storyboard;
			sourceTree = "<group>";
		};
/* End PBXVariantGroup section */

/* Begin XCBuildConfiguration section */
		FE225EA224AF2F55008F0799 /* Debug */ = {
			isa = XCBuildConfiguration;
			buildSettings = {
				ALWAYS_SEARCH_USER_PATHS = NO;
				CLANG_ANALYZER_NONNULL = YES;
				CLANG_ANALYZER_NUMBER_OBJECT_CONVERSION = YES_AGGRESSIVE;
				CLANG_CXX_LANGUAGE_STANDARD = "gnu++14";
				CLANG_CXX_LIBRARY = "libc++";
				CLANG_ENABLE_MODULES = YES;
				CLANG_ENABLE_OBJC_ARC = YES;
				CLANG_ENABLE_OBJC_WEAK = YES;
				CLANG_WARN_BLOCK_CAPTURE_AUTORELEASING = YES;
				CLANG_WARN_BOOL_CONVERSION = YES;
				CLANG_WARN_COMMA = YES;
				CLANG_WARN_CONSTANT_CONVERSION = YES;
				CLANG_WARN_DEPRECATED_OBJC_IMPLEMENTATIONS = YES;
				CLANG_WARN_DIRECT_OBJC_ISA_USAGE = YES_ERROR;
				CLANG_WARN_DOCUMENTATION_COMMENTS = YES;
				CLANG_WARN_EMPTY_BODY = YES;
				CLANG_WARN_ENUM_CONVERSION = YES;
				CLANG_WARN_INFINITE_RECURSION = YES;
				CLANG_WARN_INT_CONVERSION = YES;
				CLANG_WARN_NON_LITERAL_NULL_CONVERSION = YES;
				CLANG_WARN_OBJC_IMPLICIT_RETAIN_SELF = YES;
				CLANG_WARN_OBJC_LITERAL_CONVERSION = YES;
				CLANG_WARN_OBJC_ROOT_CLASS = YES_ERROR;
				CLANG_WARN_QUOTED_INCLUDE_IN_FRAMEWORK_HEADER = YES;
				CLANG_WARN_RANGE_LOOP_ANALYSIS = YES;
				CLANG_WARN_STRICT_PROTOTYPES = YES;
				CLANG_WARN_SUSPICIOUS_MOVE = YES;
				CLANG_WARN_UNGUARDED_AVAILABILITY = YES_AGGRESSIVE;
				CLANG_WARN_UNREACHABLE_CODE = YES;
				CLANG_WARN__DUPLICATE_METHOD_MATCH = YES;
				COPY_PHASE_STRIP = NO;
				DEBUG_INFORMATION_FORMAT = dwarf;
				ENABLE_STRICT_OBJC_MSGSEND = YES;
				ENABLE_TESTABILITY = YES;
				GCC_C_LANGUAGE_STANDARD = gnu11;
				GCC_DYNAMIC_NO_PIC = NO;
				GCC_NO_COMMON_BLOCKS = YES;
				GCC_OPTIMIZATION_LEVEL = 0;
				GCC_PREPROCESSOR_DEFINITIONS = (
					"DEBUG=1",
					"$(inherited)",
				);
				GCC_WARN_64_TO_32_BIT_CONVERSION = YES;
				GCC_WARN_ABOUT_RETURN_TYPE = YES_ERROR;
				GCC_WARN_UNDECLARED_SELECTOR = YES;
				GCC_WARN_UNINITIALIZED_AUTOS = YES_AGGRESSIVE;
				GCC_WARN_UNUSED_FUNCTION = YES;
				GCC_WARN_UNUSED_VARIABLE = YES;
				IPHONEOS_DEPLOYMENT_TARGET = 11.0;
				MTL_ENABLE_DEBUG_INFO = INCLUDE_SOURCE;
				MTL_FAST_MATH = YES;
				ONLY_ACTIVE_ARCH = YES;
				SDKROOT = iphoneos;
				SWIFT_ACTIVE_COMPILATION_CONDITIONS = DEBUG;
				SWIFT_OPTIMIZATION_LEVEL = "-Onone";
			};
			name = Debug;
		};
		FE225EA324AF2F55008F0799 /* Release */ = {
			isa = XCBuildConfiguration;
			buildSettings = {
				ALWAYS_SEARCH_USER_PATHS = NO;
				CLANG_ANALYZER_NONNULL = YES;
				CLANG_ANALYZER_NUMBER_OBJECT_CONVERSION = YES_AGGRESSIVE;
				CLANG_CXX_LANGUAGE_STANDARD = "gnu++14";
				CLANG_CXX_LIBRARY = "libc++";
				CLANG_ENABLE_MODULES = YES;
				CLANG_ENABLE_OBJC_ARC = YES;
				CLANG_ENABLE_OBJC_WEAK = YES;
				CLANG_WARN_BLOCK_CAPTURE_AUTORELEASING = YES;
				CLANG_WARN_BOOL_CONVERSION = YES;
				CLANG_WARN_COMMA = YES;
				CLANG_WARN_CONSTANT_CONVERSION = YES;
				CLANG_WARN_DEPRECATED_OBJC_IMPLEMENTATIONS = YES;
				CLANG_WARN_DIRECT_OBJC_ISA_USAGE = YES_ERROR;
				CLANG_WARN_DOCUMENTATION_COMMENTS = YES;
				CLANG_WARN_EMPTY_BODY = YES;
				CLANG_WARN_ENUM_CONVERSION = YES;
				CLANG_WARN_INFINITE_RECURSION = YES;
				CLANG_WARN_INT_CONVERSION = YES;
				CLANG_WARN_NON_LITERAL_NULL_CONVERSION = YES;
				CLANG_WARN_OBJC_IMPLICIT_RETAIN_SELF = YES;
				CLANG_WARN_OBJC_LITERAL_CONVERSION = YES;
				CLANG_WARN_OBJC_ROOT_CLASS = YES_ERROR;
				CLANG_WARN_QUOTED_INCLUDE_IN_FRAMEWORK_HEADER = YES;
				CLANG_WARN_RANGE_LOOP_ANALYSIS = YES;
				CLANG_WARN_STRICT_PROTOTYPES = YES;
				CLANG_WARN_SUSPICIOUS_MOVE = YES;
				CLANG_WARN_UNGUARDED_AVAILABILITY = YES_AGGRESSIVE;
				CLANG_WARN_UNREACHABLE_CODE = YES;
				CLANG_WARN__DUPLICATE_METHOD_MATCH = YES;
				COPY_PHASE_STRIP = NO;
				DEBUG_INFORMATION_FORMAT = "dwarf-with-dsym";
				ENABLE_NS_ASSERTIONS = NO;
				ENABLE_STRICT_OBJC_MSGSEND = YES;
				GCC_C_LANGUAGE_STANDARD = gnu11;
				GCC_NO_COMMON_BLOCKS = YES;
				GCC_WARN_64_TO_32_BIT_CONVERSION = YES;
				GCC_WARN_ABOUT_RETURN_TYPE = YES_ERROR;
				GCC_WARN_UNDECLARED_SELECTOR = YES;
				GCC_WARN_UNINITIALIZED_AUTOS = YES_AGGRESSIVE;
				GCC_WARN_UNUSED_FUNCTION = YES;
				GCC_WARN_UNUSED_VARIABLE = YES;
				IPHONEOS_DEPLOYMENT_TARGET = 11.0;
				MTL_ENABLE_DEBUG_INFO = NO;
				MTL_FAST_MATH = YES;
				SDKROOT = iphoneos;
				SWIFT_COMPILATION_MODE = wholemodule;
				SWIFT_OPTIMIZATION_LEVEL = "-O";
				VALIDATE_PRODUCT = YES;
			};
			name = Release;
		};
		FE225EA524AF2F55008F0799 /* Debug */ = {
			isa = XCBuildConfiguration;
			buildSettings = {
				ASSETCATALOG_COMPILER_APPICON_NAME = AppIcon;
				ASSETCATALOG_COMPILER_GLOBAL_ACCENT_COLOR_NAME = AccentColor;
				CODE_SIGN_STYLE = Automatic;
				DEVELOPMENT_TEAM = 3ZWJABJ86J;
				INFOPLIST_FILE = Example/Info.plist;
				IPHONEOS_DEPLOYMENT_TARGET = 11.0;
				LD_RUNPATH_SEARCH_PATHS = (
					"$(inherited)",
					"@executable_path/Frameworks",
				);
				PRODUCT_BUNDLE_IDENTIFIER = LorTos.Example;
				PRODUCT_NAME = "$(TARGET_NAME)";
				SWIFT_VERSION = 5.0;
				TARGETED_DEVICE_FAMILY = 1;
			};
			name = Debug;
		};
		FE225EA624AF2F55008F0799 /* Release */ = {
			isa = XCBuildConfiguration;
			buildSettings = {
				ASSETCATALOG_COMPILER_APPICON_NAME = AppIcon;
				ASSETCATALOG_COMPILER_GLOBAL_ACCENT_COLOR_NAME = AccentColor;
				CODE_SIGN_STYLE = Automatic;
				DEVELOPMENT_TEAM = 3ZWJABJ86J;
				INFOPLIST_FILE = Example/Info.plist;
				IPHONEOS_DEPLOYMENT_TARGET = 11.0;
				LD_RUNPATH_SEARCH_PATHS = (
					"$(inherited)",
					"@executable_path/Frameworks",
				);
				PRODUCT_BUNDLE_IDENTIFIER = LorTos.Example;
				PRODUCT_NAME = "$(TARGET_NAME)";
				SWIFT_VERSION = 5.0;
				TARGETED_DEVICE_FAMILY = 1;
			};
			name = Release;
		};
/* End XCBuildConfiguration section */

/* Begin XCConfigurationList section */
		FE225E8B24AF2F53008F0799 /* Build configuration list for PBXProject "Example" */ = {
			isa = XCConfigurationList;
			buildConfigurations = (
				FE225EA224AF2F55008F0799 /* Debug */,
				FE225EA324AF2F55008F0799 /* Release */,
			);
			defaultConfigurationIsVisible = 0;
			defaultConfigurationName = Release;
		};
		FE225EA424AF2F55008F0799 /* Build configuration list for PBXNativeTarget "Example" */ = {
			isa = XCConfigurationList;
			buildConfigurations = (
				FE225EA524AF2F55008F0799 /* Debug */,
				FE225EA624AF2F55008F0799 /* Release */,
			);
			defaultConfigurationIsVisible = 0;
			defaultConfigurationName = Release;
		};
/* End XCConfigurationList section */

/* Begin XCSwiftPackageProductDependency section */
		FE225EA924AF3022008F0799 /* BottomDrawerView */ = {
			isa = XCSwiftPackageProductDependency;
			productName = BottomDrawerView;
		};
/* End XCSwiftPackageProductDependency section */
	};
	rootObject = FE225E8824AF2F53008F0799 /* Project object */;
}
